# nanvix.lock - auto-generated by nanvix_zutil. DO NOT EDIT.

[metadata]
manifest-hash = "sha256:9d26e7dadd9d13a759ed854ce412aec83c418a943143a0ba6cd638ec2f5ad8a9"
nanvix-zutil-version = "0.6.0"

[builds]
exclude = []

[builds.matrix]
platforms = [
    "hyperlight",
    "microvm",
]
modes = [
    "standalone",
    "single-process",
    "multi-process",
]
memory = [
    "128mb",
]


[[package]]
name = "nanvix"
repo = "nanvix/nanvix"
kind = "sysroot"
ref-kind = "tag"
ref-value = "0.12.365"
resolved-tag = "v0.12.365"
resolved-commitish = "ea60f500cc30b92ef51b3c9ad02b7868477aeb1d"
release-id = 305516082
dependencies = []

[[package.assets]]
name = "nanvix-hyperlight-multi-process-release-128mb-ea60f500cc30b92ef51b3c9ad02b7868477aeb1d.tar.bz2"
url = "https://github.com/nanvix/nanvix/releases/download/v0.12.365/nanvix-hyperlight-multi-process-release-128mb-ea60f500cc30b92ef51b3c9ad02b7868477aeb1d.tar.bz2"

[[package.assets]]
name = "nanvix-hyperlight-multi-process-release-256mb-ea60f500cc30b92ef51b3c9ad02b7868477aeb1d.tar.bz2"
url = "https://github.com/nanvix/nanvix/releases/download/v0.12.365/nanvix-hyperlight-multi-process-release-256mb-ea60f500cc30b92ef51b3c9ad02b7868477aeb1d.tar.bz2"

[[package.assets]]
name = "nanvix-hyperlight-single-process-release-128mb-ea60f500cc30b92ef51b3c9ad02b7868477aeb1d.tar.bz2"
url = "https://github.com/nanvix/nanvix/releases/download/v0.12.365/nanvix-hyperlight-single-process-release-128mb-ea60f500cc30b92ef51b3c9ad02b7868477aeb1d.tar.bz2"

[[package.assets]]
name = "nanvix-hyperlight-single-process-release-256mb-ea60f500cc30b92ef51b3c9ad02b7868477aeb1d.tar.bz2"
url = "https://github.com/nanvix/nanvix/releases/download/v0.12.365/nanvix-hyperlight-single-process-release-256mb-ea60f500cc30b92ef51b3c9ad02b7868477aeb1d.tar.bz2"

[[package.assets]]
name = "nanvix-hyperlight-standalone-release-128mb-ea60f500cc30b92ef51b3c9ad02b7868477aeb1d.tar.bz2"
url = "https://github.com/nanvix/nanvix/releases/download/v0.12.365/nanvix-hyperlight-standalone-release-128mb-ea60f500cc30b92ef51b3c9ad02b7868477aeb1d.tar.bz2"

[[package.assets]]
name = "nanvix-hyperlight-standalone-release-256mb-ea60f500cc30b92ef51b3c9ad02b7868477aeb1d.tar.bz2"
url = "https://github.com/nanvix/nanvix/releases/download/v0.12.365/nanvix-hyperlight-standalone-release-256mb-ea60f500cc30b92ef51b3c9ad02b7868477aeb1d.tar.bz2"

[[package.assets]]
name = "nanvix-microvm-multi-process-release-128mb-ea60f500cc30b92ef51b3c9ad02b7868477aeb1d.tar.bz2"
url = "https://github.com/nanvix/nanvix/releases/download/v0.12.365/nanvix-microvm-multi-process-release-128mb-ea60f500cc30b92ef51b3c9ad02b7868477aeb1d.tar.bz2"

[[package.assets]]
name = "nanvix-microvm-multi-process-release-256mb-ea60f500cc30b92ef51b3c9ad02b7868477aeb1d.tar.bz2"
url = "https://github.com/nanvix/nanvix/releases/download/v0.12.365/nanvix-microvm-multi-process-release-256mb-ea60f500cc30b92ef51b3c9ad02b7868477aeb1d.tar.bz2"

[[package.assets]]
name = "nanvix-microvm-single-process-release-128mb-ea60f500cc30b92ef51b3c9ad02b7868477aeb1d.tar.bz2"
url = "https://github.com/nanvix/nanvix/releases/download/v0.12.365/nanvix-microvm-single-process-release-128mb-ea60f500cc30b92ef51b3c9ad02b7868477aeb1d.tar.bz2"

[[package.assets]]
name = "nanvix-microvm-single-process-release-256mb-ea60f500cc30b92ef51b3c9ad02b7868477aeb1d.tar.bz2"
url = "https://github.com/nanvix/nanvix/releases/download/v0.12.365/nanvix-microvm-single-process-release-256mb-ea60f500cc30b92ef51b3c9ad02b7868477aeb1d.tar.bz2"

[[package.assets]]
name = "nanvix-microvm-standalone-release-128mb-ea60f500cc30b92ef51b3c9ad02b7868477aeb1d.tar.bz2"
url = "https://github.com/nanvix/nanvix/releases/download/v0.12.365/nanvix-microvm-standalone-release-128mb-ea60f500cc30b92ef51b3c9ad02b7868477aeb1d.tar.bz2"

[[package.assets]]
name = "nanvix-microvm-standalone-release-256mb-ea60f500cc30b92ef51b3c9ad02b7868477aeb1d.tar.bz2"
url = "https://github.com/nanvix/nanvix/releases/download/v0.12.365/nanvix-microvm-standalone-release-256mb-ea60f500cc30b92ef51b3c9ad02b7868477aeb1d.tar.bz2"

[[package]]
name = "zlib"
repo = "nanvix/zlib"
kind = "dependency"
ref-kind = "version"
ref-value = "1.3.1-nanvix-0.12.365"
resolved-tag = "1.3.1-nanvix-0.12.365"
resolved-commitish = "nanvix/v1.3.1"
release-id = 305597424
dependencies = []

[[package.assets]]
name = "zlib-hyperlight-multi-process-128mb.tar.bz2"
url = "https://github.com/nanvix/zlib/releases/download/1.3.1-nanvix-0.12.365/zlib-hyperlight-multi-process-128mb.tar.bz2"

[[package.assets]]
name = "zlib-hyperlight-multi-process-256mb.tar.bz2"
url = "https://github.com/nanvix/zlib/releases/download/1.3.1-nanvix-0.12.365/zlib-hyperlight-multi-process-256mb.tar.bz2"

[[package.assets]]
name = "zlib-hyperlight-single-process-128mb.tar.bz2"
url = "https://github.com/nanvix/zlib/releases/download/1.3.1-nanvix-0.12.365/zlib-hyperlight-single-process-128mb.tar.bz2"

[[package.assets]]
name = "zlib-hyperlight-single-process-256mb.tar.bz2"
url = "https://github.com/nanvix/zlib/releases/download/1.3.1-nanvix-0.12.365/zlib-hyperlight-single-process-256mb.tar.bz2"

[[package.assets]]
name = "zlib-hyperlight-standalone-128mb.tar.bz2"
url = "https://github.com/nanvix/zlib/releases/download/1.3.1-nanvix-0.12.365/zlib-hyperlight-standalone-128mb.tar.bz2"

[[package.assets]]
name = "zlib-hyperlight-standalone-256mb.tar.bz2"
url = "https://github.com/nanvix/zlib/releases/download/1.3.1-nanvix-0.12.365/zlib-hyperlight-standalone-256mb.tar.bz2"

[[package.assets]]
name = "zlib-microvm-multi-process-128mb.tar.bz2"
url = "https://github.com/nanvix/zlib/releases/download/1.3.1-nanvix-0.12.365/zlib-microvm-multi-process-128mb.tar.bz2"

[[package.assets]]
name = "zlib-microvm-multi-process-256mb.tar.bz2"
url = "https://github.com/nanvix/zlib/releases/download/1.3.1-nanvix-0.12.365/zlib-microvm-multi-process-256mb.tar.bz2"

[[package.assets]]
name = "zlib-microvm-single-process-128mb.tar.bz2"
url = "https://github.com/nanvix/zlib/releases/download/1.3.1-nanvix-0.12.365/zlib-microvm-single-process-128mb.tar.bz2"

[[package.assets]]
name = "zlib-microvm-single-process-256mb.tar.bz2"
url = "https://github.com/nanvix/zlib/releases/download/1.3.1-nanvix-0.12.365/zlib-microvm-single-process-256mb.tar.bz2"

[[package.assets]]
name = "zlib-microvm-standalone-128mb.tar.bz2"
url = "https://github.com/nanvix/zlib/releases/download/1.3.1-nanvix-0.12.365/zlib-microvm-standalone-128mb.tar.bz2"

[[package.assets]]
name = "zlib-microvm-standalone-256mb.tar.bz2"
url = "https://github.com/nanvix/zlib/releases/download/1.3.1-nanvix-0.12.365/zlib-microvm-standalone-256mb.tar.bz2"
