# nanvix.lock — auto-generated by nanvix_zutil. DO NOT EDIT.

[metadata]
manifest-hash = "sha256:8363dace72f64a47f677e7c186475cfdc2e171674d20a350979f34093cf51cb6"
nanvix-zutil-version = "0.2.2"


[[package]]
name = "nanvix"
repo = "nanvix/nanvix"
kind = "sysroot"
ref-kind = "tag"
ref-value = "0.12.267"
resolved-tag = "latest"
resolved-commitish = "3854291a09c34edb09ff3c9da989a05e655982e5"
release-id = 301467732
dependencies = []

[[package.assets]]
name = "nanvix-hyperlight-multi-process-release-128mb-3854291a09c34edb09ff3c9da989a05e655982e5.tar.bz2"
url = "https://github.com/nanvix/nanvix/releases/download/latest/nanvix-hyperlight-multi-process-release-128mb-3854291a09c34edb09ff3c9da989a05e655982e5.tar.bz2"

[[package.assets]]
name = "nanvix-hyperlight-single-process-release-128mb-3854291a09c34edb09ff3c9da989a05e655982e5.tar.bz2"
url = "https://github.com/nanvix/nanvix/releases/download/latest/nanvix-hyperlight-single-process-release-128mb-3854291a09c34edb09ff3c9da989a05e655982e5.tar.bz2"

[[package.assets]]
name = "nanvix-hyperlight-standalone-release-128mb-3854291a09c34edb09ff3c9da989a05e655982e5.tar.bz2"
url = "https://github.com/nanvix/nanvix/releases/download/latest/nanvix-hyperlight-standalone-release-128mb-3854291a09c34edb09ff3c9da989a05e655982e5.tar.bz2"

[[package.assets]]
name = "nanvix-microvm-multi-process-release-128mb-3854291a09c34edb09ff3c9da989a05e655982e5.tar.bz2"
url = "https://github.com/nanvix/nanvix/releases/download/latest/nanvix-microvm-multi-process-release-128mb-3854291a09c34edb09ff3c9da989a05e655982e5.tar.bz2"

[[package.assets]]
name = "nanvix-microvm-single-process-release-128mb-3854291a09c34edb09ff3c9da989a05e655982e5.tar.bz2"
url = "https://github.com/nanvix/nanvix/releases/download/latest/nanvix-microvm-single-process-release-128mb-3854291a09c34edb09ff3c9da989a05e655982e5.tar.bz2"

[[package.assets]]
name = "nanvix-microvm-standalone-release-128mb-3854291a09c34edb09ff3c9da989a05e655982e5.tar.bz2"
url = "https://github.com/nanvix/nanvix/releases/download/latest/nanvix-microvm-standalone-release-128mb-3854291a09c34edb09ff3c9da989a05e655982e5.tar.bz2"

[[package]]
name = "zlib"
repo = "nanvix/zlib"
kind = "dependency"
ref-kind = "tag"
ref-value = "05d0b65-nanvix-3854291"
resolved-tag = "05d0b65-nanvix-3854291"
resolved-commitish = "nanvix/v1.3.1"
release-id = 301469204
dependencies = []

[[package.assets]]
name = "zlib-hyperlight-multi-process-128mb.tar.bz2"
url = "https://github.com/nanvix/zlib/releases/download/05d0b65-nanvix-3854291/zlib-hyperlight-multi-process-128mb.tar.bz2"

[[package.assets]]
name = "zlib-hyperlight-single-process-128mb.tar.bz2"
url = "https://github.com/nanvix/zlib/releases/download/05d0b65-nanvix-3854291/zlib-hyperlight-single-process-128mb.tar.bz2"

[[package.assets]]
name = "zlib-hyperlight-standalone-128mb.tar.bz2"
url = "https://github.com/nanvix/zlib/releases/download/05d0b65-nanvix-3854291/zlib-hyperlight-standalone-128mb.tar.bz2"

[[package.assets]]
name = "zlib-microvm-multi-process-128mb.tar.bz2"
url = "https://github.com/nanvix/zlib/releases/download/05d0b65-nanvix-3854291/zlib-microvm-multi-process-128mb.tar.bz2"

[[package.assets]]
name = "zlib-microvm-single-process-128mb.tar.bz2"
url = "https://github.com/nanvix/zlib/releases/download/05d0b65-nanvix-3854291/zlib-microvm-single-process-128mb.tar.bz2"

[[package.assets]]
name = "zlib-microvm-standalone-128mb.tar.bz2"
url = "https://github.com/nanvix/zlib/releases/download/05d0b65-nanvix-3854291/zlib-microvm-standalone-128mb.tar.bz2"
