# nanvix.lock - auto-generated by nanvix_zutil. DO NOT EDIT.

[metadata]
manifest-hash = "sha256:34c6a5f703edd1e8240df042c5a9424a6f1d435e22d1ff2e540a7c314ec34e10"
nanvix-zutil-version = "0.6.0"

[builds]
exclude = []

[builds.matrix]
platforms = [
    "hyperlight",
    "microvm",
]
modes = [
    "standalone",
    "single-process",
    "multi-process",
]
memory = [
    "128mb",
]


[[package]]
name = "nanvix"
repo = "nanvix/nanvix"
kind = "sysroot"
ref-kind = "tag"
ref-value = "0.12.365"
resolved-tag = "v0.12.365"
resolved-commitish = "ea60f500cc30b92ef51b3c9ad02b7868477aeb1d"
release-id = 305516082
dependencies = []

[[package.assets]]
name = "nanvix-hyperlight-multi-process-release-128mb-ea60f500cc30b92ef51b3c9ad02b7868477aeb1d.tar.bz2"
url = "https://github.com/nanvix/nanvix/releases/download/v0.12.365/nanvix-hyperlight-multi-process-release-128mb-ea60f500cc30b92ef51b3c9ad02b7868477aeb1d.tar.bz2"

[[package.assets]]
name = "nanvix-hyperlight-multi-process-release-256mb-ea60f500cc30b92ef51b3c9ad02b7868477aeb1d.tar.bz2"
url = "https://github.com/nanvix/nanvix/releases/download/v0.12.365/nanvix-hyperlight-multi-process-release-256mb-ea60f500cc30b92ef51b3c9ad02b7868477aeb1d.tar.bz2"

[[package.assets]]
name = "nanvix-hyperlight-single-process-release-128mb-ea60f500cc30b92ef51b3c9ad02b7868477aeb1d.tar.bz2"
url = "https://github.com/nanvix/nanvix/releases/download/v0.12.365/nanvix-hyperlight-single-process-release-128mb-ea60f500cc30b92ef51b3c9ad02b7868477aeb1d.tar.bz2"

[[package.assets]]
name = "nanvix-hyperlight-single-process-release-256mb-ea60f500cc30b92ef51b3c9ad02b7868477aeb1d.tar.bz2"
url = "https://github.com/nanvix/nanvix/releases/download/v0.12.365/nanvix-hyperlight-single-process-release-256mb-ea60f500cc30b92ef51b3c9ad02b7868477aeb1d.tar.bz2"

[[package.assets]]
name = "nanvix-hyperlight-standalone-release-128mb-ea60f500cc30b92ef51b3c9ad02b7868477aeb1d.tar.bz2"
url = "https://github.com/nanvix/nanvix/releases/download/v0.12.365/nanvix-hyperlight-standalone-release-128mb-ea60f500cc30b92ef51b3c9ad02b7868477aeb1d.tar.bz2"

[[package.assets]]
name = "nanvix-hyperlight-standalone-release-256mb-ea60f500cc30b92ef51b3c9ad02b7868477aeb1d.tar.bz2"
url = "https://github.com/nanvix/nanvix/releases/download/v0.12.365/nanvix-hyperlight-standalone-release-256mb-ea60f500cc30b92ef51b3c9ad02b7868477aeb1d.tar.bz2"

[[package.assets]]
name = "nanvix-microvm-multi-process-release-128mb-ea60f500cc30b92ef51b3c9ad02b7868477aeb1d.tar.bz2"
url = "https://github.com/nanvix/nanvix/releases/download/v0.12.365/nanvix-microvm-multi-process-release-128mb-ea60f500cc30b92ef51b3c9ad02b7868477aeb1d.tar.bz2"

[[package.assets]]
name = "nanvix-microvm-multi-process-release-256mb-ea60f500cc30b92ef51b3c9ad02b7868477aeb1d.tar.bz2"
url = "https://github.com/nanvix/nanvix/releases/download/v0.12.365/nanvix-microvm-multi-process-release-256mb-ea60f500cc30b92ef51b3c9ad02b7868477aeb1d.tar.bz2"

[[package.assets]]
name = "nanvix-microvm-single-process-release-128mb-ea60f500cc30b92ef51b3c9ad02b7868477aeb1d.tar.bz2"
url = "https://github.com/nanvix/nanvix/releases/download/v0.12.365/nanvix-microvm-single-process-release-128mb-ea60f500cc30b92ef51b3c9ad02b7868477aeb1d.tar.bz2"

[[package.assets]]
name = "nanvix-microvm-single-process-release-256mb-ea60f500cc30b92ef51b3c9ad02b7868477aeb1d.tar.bz2"
url = "https://github.com/nanvix/nanvix/releases/download/v0.12.365/nanvix-microvm-single-process-release-256mb-ea60f500cc30b92ef51b3c9ad02b7868477aeb1d.tar.bz2"

[[package.assets]]
name = "nanvix-microvm-standalone-release-128mb-ea60f500cc30b92ef51b3c9ad02b7868477aeb1d.tar.bz2"
url = "https://github.com/nanvix/nanvix/releases/download/v0.12.365/nanvix-microvm-standalone-release-128mb-ea60f500cc30b92ef51b3c9ad02b7868477aeb1d.tar.bz2"

[[package.assets]]
name = "nanvix-microvm-standalone-release-256mb-ea60f500cc30b92ef51b3c9ad02b7868477aeb1d.tar.bz2"
url = "https://github.com/nanvix/nanvix/releases/download/v0.12.365/nanvix-microvm-standalone-release-256mb-ea60f500cc30b92ef51b3c9ad02b7868477aeb1d.tar.bz2"
