# nanvix.lock — auto-generated by nanvix_zutil. DO NOT EDIT.

[metadata]
manifest-hash = "sha256:d719138a2c9bcb6e551656f85a8e39f165859abd4d38e41a2db9f3008c9d6a9f"
nanvix-zutil-version = "0.2.2"


[[package]]
name = "nanvix"
repo = "nanvix/nanvix"
kind = "sysroot"
ref-kind = "tag"
ref-value = "0.12.267"
resolved-tag = "latest"
resolved-commitish = "3854291a09c34edb09ff3c9da989a05e655982e5"
release-id = 301467732
dependencies = []

[[package.assets]]
name = "nanvix-hyperlight-multi-process-release-128mb-3854291a09c34edb09ff3c9da989a05e655982e5.tar.bz2"
url = "https://github.com/nanvix/nanvix/releases/download/latest/nanvix-hyperlight-multi-process-release-128mb-3854291a09c34edb09ff3c9da989a05e655982e5.tar.bz2"

[[package.assets]]
name = "nanvix-hyperlight-single-process-release-128mb-3854291a09c34edb09ff3c9da989a05e655982e5.tar.bz2"
url = "https://github.com/nanvix/nanvix/releases/download/latest/nanvix-hyperlight-single-process-release-128mb-3854291a09c34edb09ff3c9da989a05e655982e5.tar.bz2"

[[package.assets]]
name = "nanvix-hyperlight-standalone-release-128mb-3854291a09c34edb09ff3c9da989a05e655982e5.tar.bz2"
url = "https://github.com/nanvix/nanvix/releases/download/latest/nanvix-hyperlight-standalone-release-128mb-3854291a09c34edb09ff3c9da989a05e655982e5.tar.bz2"

[[package.assets]]
name = "nanvix-microvm-multi-process-release-128mb-3854291a09c34edb09ff3c9da989a05e655982e5.tar.bz2"
url = "https://github.com/nanvix/nanvix/releases/download/latest/nanvix-microvm-multi-process-release-128mb-3854291a09c34edb09ff3c9da989a05e655982e5.tar.bz2"

[[package.assets]]
name = "nanvix-microvm-single-process-release-128mb-3854291a09c34edb09ff3c9da989a05e655982e5.tar.bz2"
url = "https://github.com/nanvix/nanvix/releases/download/latest/nanvix-microvm-single-process-release-128mb-3854291a09c34edb09ff3c9da989a05e655982e5.tar.bz2"

[[package.assets]]
name = "nanvix-microvm-standalone-release-128mb-3854291a09c34edb09ff3c9da989a05e655982e5.tar.bz2"
url = "https://github.com/nanvix/nanvix/releases/download/latest/nanvix-microvm-standalone-release-128mb-3854291a09c34edb09ff3c9da989a05e655982e5.tar.bz2"
